
Microsoft Visual Studio Solution File, Format Version 12.00
# Visual Studio Version 17
VisualStudioVersion = 17.9.34728.123
MinimumVisualStudioVersion = 10.0.40219.1
Project("{9A19103F-16F7-4668-BE54-9A1E7A4F7556}") = "SistemaLlavesWebAPI", "SistemaLlavesWebAPI.csproj", "{6158B5B8-AFEF-4E07-BBBA-F6DE9851E10B}"
EndProject
Project("{9A19103F-16F7-4668-BE54-9A1E7A4F7556}") = "Shared", "..\Shared\Shared.csproj", "{3C58A8A1-761E-45C2-A10C-25CD3773786E}"
EndProject
Project("{9A19103F-16F7-4668-BE54-9A1E7A4F7556}") = "TestServices", "..\TestServices\TestServices.csproj", "{02C55AAF-BDE0-4923-9793-251E4AF1B6D9}"
EndProject
Global
	GlobalSection(SolutionConfigurationPlatforms) = preSolution
		Debug|Any CPU = Debug|Any CPU
		Release|Any CPU = Release|Any CPU
	EndGlobalSection
	GlobalSection(ProjectConfigurationPlatforms) = postSolution
		{6158B5B8-AFEF-4E07-BBBA-F6DE9851E10B}.Debug|Any CPU.ActiveCfg = Debug|Any CPU
		{6158B5B8-AFEF-4E07-BBBA-F6DE9851E10B}.Debug|Any CPU.Build.0 = Debug|Any CPU
		{6158B5B8-AFEF-4E07-BBBA-F6DE9851E10B}.Release|Any CPU.ActiveCfg = Release|Any CPU
		{6158B5B8-AFEF-4E07-BBBA-F6DE9851E10B}.Release|Any CPU.Build.0 = Release|Any CPU
		{3C58A8A1-761E-45C2-A10C-25CD3773786E}.Debug|Any CPU.ActiveCfg = Debug|Any CPU
		{3C58A8A1-761E-45C2-A10C-25CD3773786E}.Debug|Any CPU.Build.0 = Debug|Any CPU
		{3C58A8A1-761E-45C2-A10C-25CD3773786E}.Release|Any CPU.ActiveCfg = Release|Any CPU
		{3C58A8A1-761E-45C2-A10C-25CD3773786E}.Release|Any CPU.Build.0 = Release|Any CPU
		{02C55AAF-BDE0-4923-9793-251E4AF1B6D9}.Debug|Any CPU.ActiveCfg = Debug|Any CPU
		{02C55AAF-BDE0-4923-9793-251E4AF1B6D9}.Debug|Any CPU.Build.0 = Debug|Any CPU
		{02C55AAF-BDE0-4923-9793-251E4AF1B6D9}.Release|Any CPU.ActiveCfg = Release|Any CPU
		{02C55AAF-BDE0-4923-9793-251E4AF1B6D9}.Release|Any CPU.Build.0 = Release|Any CPU
	EndGlobalSection
	GlobalSection(SolutionProperties) = preSolution
		HideSolutionNode = FALSE
	EndGlobalSection
	GlobalSection(ExtensibilityGlobals) = postSolution
		SolutionGuid = {888ED5F7-FEA7-4C8F-9DBC-A26851CDDFA4}
	EndGlobalSection
EndGlobal
